
Microsoft Visual Studio Solution File, Format Version 12.00
# Visual Studio Version 16
VisualStudioVersion = 16.0.30413.136
MinimumVisualStudioVersion = 10.0.40219.1
Project("{FAE04EC0-301F-11D3-BF4B-00C04F79EFBC}") = "The For Loop Test No. 1", "The For Loop Test No. 1\The For Loop Test No. 1.csproj", "{00A01829-BD0A-4A64-98DD-9F5DDAB4C0AC}"
EndProject
Global
	GlobalSection(SolutionConfigurationPlatforms) = preSolution
		Debug|Any CPU = Debug|Any CPU
		Release|Any CPU = Release|Any CPU
	EndGlobalSection
	GlobalSection(ProjectConfigurationPlatforms) = postSolution
		{00A01829-BD0A-4A64-98DD-9F5DDAB4C0AC}.Debug|Any CPU.ActiveCfg = Debug|Any CPU
		{00A01829-BD0A-4A64-98DD-9F5DDAB4C0AC}.Debug|Any CPU.Build.0 = Debug|Any CPU
		{00A01829-BD0A-4A64-98DD-9F5DDAB4C0AC}.Release|Any CPU.ActiveCfg = Release|Any CPU
		{00A01829-BD0A-4A64-98DD-9F5DDAB4C0AC}.Release|Any CPU.Build.0 = Release|Any CPU
	EndGlobalSection
	GlobalSection(SolutionProperties) = preSolution
		HideSolutionNode = FALSE
	EndGlobalSection
	GlobalSection(ExtensibilityGlobals) = postSolution
		SolutionGuid = {62889DEC-345F-4FEE-89A1-08E08D6AE7B8}
	EndGlobalSection
EndGlobal
